
Microsoft Visual Studio Solution File, Format Version 12.00
# Visual Studio Version 17
VisualStudioVersion = 17.11.35222.181
MinimumVisualStudioVersion = 10.0.40219.1
Project("{FAE04EC0-301F-11D3-BF4B-00C04F79EFBC}") = "BokningssystemGrupp6", "BokningssystemGrupp6\BokningssystemGrupp6.csproj", "{34ACCD15-0569-4B39-ADC8-E2E25A2DE7A3}"
EndProject
Global
	GlobalSection(SolutionConfigurationPlatforms) = preSolution
		Debug|Any CPU = Debug|Any CPU
		Release|Any CPU = Release|Any CPU
	EndGlobalSection
	GlobalSection(ProjectConfigurationPlatforms) = postSolution
		{34ACCD15-0569-4B39-ADC8-E2E25A2DE7A3}.Debug|Any CPU.ActiveCfg = Debug|Any CPU
		{34ACCD15-0569-4B39-ADC8-E2E25A2DE7A3}.Debug|Any CPU.Build.0 = Debug|Any CPU
		{34ACCD15-0569-4B39-ADC8-E2E25A2DE7A3}.Release|Any CPU.ActiveCfg = Release|Any CPU
		{34ACCD15-0569-4B39-ADC8-E2E25A2DE7A3}.Release|Any CPU.Build.0 = Release|Any CPU
	EndGlobalSection
	GlobalSection(SolutionProperties) = preSolution
		HideSolutionNode = FALSE
	EndGlobalSection
	GlobalSection(ExtensibilityGlobals) = postSolution
		SolutionGuid = {FECFA46E-ABBB-4E48-A058-73DC96DB9D24}
	EndGlobalSection
EndGlobal
